
Microsoft Visual Studio Solution File, Format Version 12.00
# Visual Studio Version 16
VisualStudioVersion = 16.0.31613.86
MinimumVisualStudioVersion = 10.0.40219.1
Project("{FAE04EC0-301F-11D3-BF4B-00C04F79EFBC}") = "Restaurant Order Tracking System", "Restaurant Order Tracking System.csproj", "{DD92B3C6-27ED-4048-81D9-F341CBB8A968}"
EndProject
Global
	GlobalSection(SolutionConfigurationPlatforms) = preSolution
		Debug|Any CPU = Debug|Any CPU
		Release|Any CPU = Release|Any CPU
	EndGlobalSection
	GlobalSection(ProjectConfigurationPlatforms) = postSolution
		{DD92B3C6-27ED-4048-81D9-F341CBB8A968}.Debug|Any CPU.ActiveCfg = Debug|Any CPU
		{DD92B3C6-27ED-4048-81D9-F341CBB8A968}.Debug|Any CPU.Build.0 = Debug|Any CPU
		{DD92B3C6-27ED-4048-81D9-F341CBB8A968}.Release|Any CPU.ActiveCfg = Release|Any CPU
		{DD92B3C6-27ED-4048-81D9-F341CBB8A968}.Release|Any CPU.Build.0 = Release|Any CPU
	EndGlobalSection
	GlobalSection(SolutionProperties) = preSolution
		HideSolutionNode = FALSE
	EndGlobalSection
	GlobalSection(ExtensibilityGlobals) = postSolution
		SolutionGuid = {2C935E6F-69DB-47F6-9679-4534F2BAFECB}
	EndGlobalSection
EndGlobal
